{
  "name": "dice",
  "version": "1.0.0",
  "lockfileVersion": 3,
  "requires": true,
  "packages": {
    "": {
      "name": "dice",
      "version": "1.0.0",
      "license": "ISC",
      "dependencies": {
        "dice-random": "^1.0.0"
      }
    },
    "node_modules/dice-random": {
      "version": "1.0.0",
      "resolved": "https://registry.npmjs.org/dice-random/-/dice-random-1.0.0.tgz",
      "integrity": "sha512-ZaOR5MX0f6yJOy/r0EKQaiB1jzHUSBma7XOsYY8mta+XoikhXtOcBOMLWjjGwXartqDjw09jum9G0Oe1FsxtRA==",
      "engines": {
        "node": ">= 8.9.4"
      }
    }
  }
}
